<?xml version="1.0" encoding="UTF-8"?>
<Scheme
   LastUpgradeVersion = "2620"
   version = "1.7">
   <BuildAction
      parallelizeBuildables = "YES"
      buildImplicitDependencies = "YES">
      <BuildActionEntries>
         <BuildActionEntry
            buildForTesting = "YES"
            buildForRunning = "YES"
            buildForProfiling = "YES"
            buildForArchiving = "YES"
            buildForAnalyzing = "YES">
            <BuildableReference
               BuildableIdentifier = "primary"
               BlueprintIdentifier = "50C3000E2F57F1CA006547BF"
               BuildableName = "CEFBuilder"
               BlueprintName = "CEFBuilder"
               ReferencedContainer = "container:Navigator.xcodeproj">
            </BuildableReference>
         </BuildActionEntry>
      </BuildActionEntries>
   </BuildAction>
   <TestAction
      buildConfiguration = "Release"
      selectedDebuggerIdentifier = "Xcode.DebuggerFoundation.Debugger.LLDB"
      selectedLauncherIdentifier = "Xcode.DebuggerFoundation.Launcher.LLDB"
      shouldUseLaunchSchemeArgsEnv = "YES"
      shouldAutocreateTestPlan = "YES">
   </TestAction>
   <LaunchAction
      buildConfiguration = "Release"
      selectedDebuggerIdentifier = "Xcode.DebuggerFoundation.Debugger.LLDB"
      selectedLauncherIdentifier = "Xcode.DebuggerFoundation.Launcher.LLDB"
      launchStyle = "0"
      useCustomWorkingDirectory = "NO"
      ignoresPersistentStateOnLaunch = "NO"
      debugDocumentVersioning = "YES"
      debugServiceExtension = "internal"
      allowLocationSimulation = "YES">
      <BuildableProductRunnable
         runnableDebuggingMode = "0">
         <BuildableReference
            BuildableIdentifier = "primary"
            BlueprintIdentifier = "50C3000E2F57F1CA006547BF"
            BuildableName = "CEFBuilder"
            BlueprintName = "CEFBuilder"
            ReferencedContainer = "container:Navigator.xcodeproj">
         </BuildableReference>
      </BuildableProductRunnable>
      <CommandLineArguments>
         <CommandLineArgument
            argument = "--spec"
            isEnabled = "YES">
         </CommandLineArgument>
         <CommandLineArgument
            argument = "$(PROJECT_DIR)/Vendor/CEF/BuildSpecs/cef_145_codec_arm64.json"
            isEnabled = "YES">
         </CommandLineArgument>
         <CommandLineArgument
            argument = "--work-dir"
            isEnabled = "YES">
         </CommandLineArgument>
         <CommandLineArgument
            argument = "$(HOME)/Library/Caches/Navigator/CEFSource"
            isEnabled = "YES">
         </CommandLineArgument>
         <CommandLineArgument
            argument = "--output-dir"
            isEnabled = "YES">
         </CommandLineArgument>
         <CommandLineArgument
            argument = "$(PROJECT_DIR)/Vendor/CEF/Artifacts"
            isEnabled = "YES">
         </CommandLineArgument>
         <CommandLineArgument
            argument = "--cache-dir"
            isEnabled = "YES">
         </CommandLineArgument>
         <CommandLineArgument
            argument = "$(HOME)/Library/Caches/Navigator/CEFBuilds"
            isEnabled = "YES">
         </CommandLineArgument>
         <CommandLineArgument
            argument = "--verbose"
            isEnabled = "YES">
         </CommandLineArgument>
      </CommandLineArguments>
      <EnvironmentVariables>
         <EnvironmentVariable
            key = "MIUM_WIDEVINE_STORAGE_ID_KEY"
            value = "8347gf0w83ubfijasrbgf0asirf0ayerfgaysi4fbays4b0af8sy4yabgtp4iyabgpsiy4bgasy84bga0487gfa0w847fg0aw4"
            isEnabled = "YES">
         </EnvironmentVariable>
      </EnvironmentVariables>
   </LaunchAction>
   <ProfileAction
      buildConfiguration = "Release"
      shouldUseLaunchSchemeArgsEnv = "YES"
      savedToolIdentifier = ""
      useCustomWorkingDirectory = "NO"
      debugDocumentVersioning = "YES">
      <BuildableProductRunnable
         runnableDebuggingMode = "0">
         <BuildableReference
            BuildableIdentifier = "primary"
            BlueprintIdentifier = "50C3000E2F57F1CA006547BF"
            BuildableName = "CEFBuilder"
            BlueprintName = "CEFBuilder"
            ReferencedContainer = "container:Navigator.xcodeproj">
         </BuildableReference>
      </BuildableProductRunnable>
   </ProfileAction>
   <AnalyzeAction
      buildConfiguration = "Release">
   </AnalyzeAction>
   <ArchiveAction
      buildConfiguration = "Release"
      revealArchiveInOrganizer = "YES">
   </ArchiveAction>
</Scheme>
