<?xml version="1.0" encoding="UTF-8"?>
<Scheme
   LastUpgradeVersion = "2620"
   version = "1.7">
   <BuildAction
      parallelizeBuildables = "YES"
      buildImplicitDependencies = "YES">
      <BuildActionEntries>
         <BuildActionEntry
            buildForTesting = "YES"
            buildForRunning = "YES"
            buildForProfiling = "YES"
            buildForArchiving = "YES"
            buildForAnalyzing = "YES">
            <BuildableReference
               BuildableIdentifier = "primary"
               BlueprintIdentifier = "50B100082F57F1CA006547BF"
               BuildableName = "CEFPackager"
               BlueprintName = "CEFPackager"
               ReferencedContainer = "container:Navigator.xcodeproj">
            </BuildableReference>
         </BuildActionEntry>
      </BuildActionEntries>
   </BuildAction>
   <TestAction
      buildConfiguration = "Release"
      selectedDebuggerIdentifier = "Xcode.DebuggerFoundation.Debugger.LLDB"
      selectedLauncherIdentifier = "Xcode.DebuggerFoundation.Launcher.LLDB"
      shouldUseLaunchSchemeArgsEnv = "YES"
      shouldAutocreateTestPlan = "YES">
   </TestAction>
   <LaunchAction
      buildConfiguration = "Release"
      selectedDebuggerIdentifier = "Xcode.DebuggerFoundation.Debugger.LLDB"
      selectedLauncherIdentifier = "Xcode.DebuggerFoundation.Launcher.LLDB"
      launchStyle = "0"
      useCustomWorkingDirectory = "NO"
      ignoresPersistentStateOnLaunch = "NO"
      debugDocumentVersioning = "YES"
      debugServiceExtension = "internal"
      allowLocationSimulation = "YES">
      <BuildableProductRunnable
         runnableDebuggingMode = "0">
         <BuildableReference
            BuildableIdentifier = "primary"
            BlueprintIdentifier = "50B100082F57F1CA006547BF"
            BuildableName = "CEFPackager"
            BlueprintName = "CEFPackager"
            ReferencedContainer = "container:Navigator.xcodeproj">
         </BuildableReference>
      </BuildableProductRunnable>
      <CommandLineArguments>
         <CommandLineArgument
            argument = "--mode"
            isEnabled = "YES">
         </CommandLineArgument>
         <CommandLineArgument
            argument = "all"
            isEnabled = "YES">
         </CommandLineArgument>
         <CommandLineArgument
            argument = "--app-bundle-path"
            isEnabled = "NO">
         </CommandLineArgument>
         <CommandLineArgument
            argument = "$(PROJECT_DIR)/build/Products/Release/Navigator.app"
            isEnabled = "YES">
         </CommandLineArgument>
      </CommandLineArguments>
      <EnvironmentVariables>
         <EnvironmentVariable
            key = "CEF_ARCHIVE_URL"
            value = "file:///Users/rk/Developer/Navigator/Vendor/CEF/Artifacts/cef_binary_cef_145_codec_arm64_macosarm64.tar.bz2"
            isEnabled = "YES">
         </EnvironmentVariable>
         <EnvironmentVariable
            key = "APP_BUNDLE_PATH"
            value = "$(PROJECT_DIR)/build/Products/Release/Navigator.app"
            isEnabled = "NO">
         </EnvironmentVariable>
         <EnvironmentVariable
            key = "TEAM_ID"
            value = ""
            isEnabled = "YES">
         </EnvironmentVariable>
         <EnvironmentVariable
            key = "APPLE_ID"
            value = ""
            isEnabled = "YES">
         </EnvironmentVariable>
         <EnvironmentVariable
            key = "NOTARY_PASSWORD"
            value = ""
            isEnabled = "YES">
         </EnvironmentVariable>
         <EnvironmentVariable
            key = "CEF_CLIENT_ARCHIVE_URL"
            value = "file:///Users/rk/Developer/Navigator/Vendor/CEF/Artifacts/cef_binary_cef_145_codec_arm64_macosarm64_client.tar.bz2"
            isEnabled = "YES">
         </EnvironmentVariable>
      </EnvironmentVariables>
   </LaunchAction>
   <ProfileAction
      buildConfiguration = "Release"
      shouldUseLaunchSchemeArgsEnv = "YES"
      savedToolIdentifier = ""
      useCustomWorkingDirectory = "NO"
      debugDocumentVersioning = "YES">
      <BuildableProductRunnable
         runnableDebuggingMode = "0">
         <BuildableReference
            BuildableIdentifier = "primary"
            BlueprintIdentifier = "50B100082F57F1CA006547BF"
            BuildableName = "CEFPackager"
            BlueprintName = "CEFPackager"
            ReferencedContainer = "container:Navigator.xcodeproj">
         </BuildableReference>
      </BuildableProductRunnable>
   </ProfileAction>
   <AnalyzeAction
      buildConfiguration = "Release">
   </AnalyzeAction>
   <ArchiveAction
      buildConfiguration = "Release"
      revealArchiveInOrganizer = "YES">
   </ArchiveAction>
</Scheme>
